{
  "name": "emporium_web_assets",
  "version": "0.1.0",
  "lockfileVersion": 2,
  "requires": true,
  "packages": {
    "": {
      "name": "emporium_web_assets",
      "version": "0.1.0",
      "dependencies": {
        "@jellyfish-dev/membrane-webrtc-js": "^0.4.5",
        "phoenix": "file:../../../deps/phoenix",
        "phoenix_html": "file:../../../deps/phoenix_html",
        "phoenix_live_view": "file:../../../deps/phoenix_live_view",
        "topbar": "^1.0.1"
      },
      "devDependencies": {
        "bootstrap": "^5.1.3",
        "esbuild": "^0.12.24"
      }
    },
    "../../../deps/phoenix": {
      "version": "1.7.2",
      "integrity": "sha512-YZ5mXU2cHd/VUuPSv5AELv/bT+0uJ94PQjiuDS7jVNBU8n75WzrpWzQ5OJ5qSuMVCqOtZK0GJd6WlFVUSmTKAQ==",
      "license": "MIT"
    },
    "../../../deps/phoenix_html": {
      "version": "3.3.1",
      "integrity": "sha512-zv7PIZk0MPkF0ax8n465Q6w86+sGAy5cTem6KcbkUbdgxGc0y3WZmzkM2bSlYdSGbLEZfjXxos1G72xXsha6xA=="
    },
    "../../../deps/phoenix_live_view": {
      "version": "0.18.18",
      "integrity": "sha512-bCA7+1T3IrUsPgvkQn/GFjppuvKlnZFzOi8bo1vRS/fz57Yky1MMaOux3mDv4LCBWRiXBN6Zycp0/6wDTvL8dg==",
      "license": "MIT"
    },
    "node_modules/@jellyfish-dev/membrane-webrtc-js": {
      "version": "0.4.5",
      "resolved": "https://registry.npmjs.org/@jellyfish-dev/membrane-webrtc-js/-/membrane-webrtc-js-0.4.5.tgz",
      "integrity": "sha512-YwfecgZZt6K6Cmq7AAf6TqDM0whLZM6FpxuvxXgBKnAJi3DMg+m3GqYTklM3r1g2MneIVIsPiNtjYszGaBsAvg==",
      "dependencies": {
        "uuid": "^8.3.2"
      }
    },
    "node_modules/@popperjs/core": {
      "version": "2.11.5",
      "resolved": "https://registry.npmjs.org/@popperjs/core/-/core-2.11.5.tgz",
      "integrity": "sha512-9X2obfABZuDVLCgPK9aX0a/x4jaOEweTTWE2+9sr0Qqqevj2Uv5XorvusThmc9XGYpS9yI+fhh8RTafBtGposw==",
      "dev": true,
      "peer": true,
      "funding": {
        "type": "opencollective",
        "url": "https://opencollective.com/popperjs"
      }
    },
    "node_modules/bootstrap": {
      "version": "5.1.3",
      "resolved": "https://registry.npmjs.org/bootstrap/-/bootstrap-5.1.3.tgz",
      "integrity": "sha512-fcQztozJ8jToQWXxVuEyXWW+dSo8AiXWKwiSSrKWsRB/Qt+Ewwza+JWoLKiTuQLaEPhdNAJ7+Dosc9DOIqNy7Q==",
      "dev": true,
      "funding": {
        "type": "opencollective",
        "url": "https://opencollective.com/bootstrap"
      },
      "peerDependencies": {
        "@popperjs/core": "^2.10.2"
      }
    },
    "node_modules/esbuild": {
      "version": "0.12.29",
      "resolved": "https://registry.npmjs.org/esbuild/-/esbuild-0.12.29.tgz",
      "integrity": "sha512-w/XuoBCSwepyiZtIRsKsetiLDUVGPVw1E/R3VTFSecIy8UR7Cq3SOtwKHJMFoVqqVG36aGkzh4e8BvpO1Fdc7g==",
      "dev": true,
      "hasInstallScript": true,
      "bin": {
        "esbuild": "bin/esbuild"
      }
    },
    "node_modules/phoenix": {
      "resolved": "../../../deps/phoenix",
      "link": true
    },
    "node_modules/phoenix_html": {
      "resolved": "../../../deps/phoenix_html",
      "link": true
    },
    "node_modules/phoenix_live_view": {
      "resolved": "../../../deps/phoenix_live_view",
      "link": true
    },
    "node_modules/topbar": {
      "version": "1.0.1",
      "resolved": "https://registry.npmjs.org/topbar/-/topbar-1.0.1.tgz",
      "integrity": "sha512-HZqQSMBiG29vcjOrqKCM9iGY/h69G5gQH7ae83ZCPz5uPmbQKwK0sMEqzVDBiu64tWHJ+kk9NApECrF+FAAvRA=="
    },
    "node_modules/uuid": {
      "version": "8.3.2",
      "resolved": "https://registry.npmjs.org/uuid/-/uuid-8.3.2.tgz",
      "integrity": "sha512-+NYs2QeMWy+GWFOEm9xnn6HCDp0l7QBD7ml8zLUmJ+93Q5NF0NocErnwkTkXVFNiX3/fpC6afS8Dhb/gz7R7eg==",
      "bin": {
        "uuid": "dist/bin/uuid"
      }
    }
  },
  "dependencies": {
    "@jellyfish-dev/membrane-webrtc-js": {
      "version": "0.4.5",
      "resolved": "https://registry.npmjs.org/@jellyfish-dev/membrane-webrtc-js/-/membrane-webrtc-js-0.4.5.tgz",
      "integrity": "sha512-YwfecgZZt6K6Cmq7AAf6TqDM0whLZM6FpxuvxXgBKnAJi3DMg+m3GqYTklM3r1g2MneIVIsPiNtjYszGaBsAvg==",
      "requires": {
        "uuid": "^8.3.2"
      }
    },
    "@popperjs/core": {
      "version": "2.11.5",
      "resolved": "https://registry.npmjs.org/@popperjs/core/-/core-2.11.5.tgz",
      "integrity": "sha512-9X2obfABZuDVLCgPK9aX0a/x4jaOEweTTWE2+9sr0Qqqevj2Uv5XorvusThmc9XGYpS9yI+fhh8RTafBtGposw==",
      "dev": true,
      "peer": true
    },
    "bootstrap": {
      "version": "5.1.3",
      "resolved": "https://registry.npmjs.org/bootstrap/-/bootstrap-5.1.3.tgz",
      "integrity": "sha512-fcQztozJ8jToQWXxVuEyXWW+dSo8AiXWKwiSSrKWsRB/Qt+Ewwza+JWoLKiTuQLaEPhdNAJ7+Dosc9DOIqNy7Q==",
      "dev": true,
      "requires": {}
    },
    "esbuild": {
      "version": "0.12.29",
      "resolved": "https://registry.npmjs.org/esbuild/-/esbuild-0.12.29.tgz",
      "integrity": "sha512-w/XuoBCSwepyiZtIRsKsetiLDUVGPVw1E/R3VTFSecIy8UR7Cq3SOtwKHJMFoVqqVG36aGkzh4e8BvpO1Fdc7g==",
      "dev": true
    },
    "phoenix": {
      "version": "file:../../../deps/phoenix"
    },
    "phoenix_html": {
      "version": "file:../../../deps/phoenix_html"
    },
    "phoenix_live_view": {
      "version": "file:../../../deps/phoenix_live_view"
    },
    "topbar": {
      "version": "1.0.1",
      "resolved": "https://registry.npmjs.org/topbar/-/topbar-1.0.1.tgz",
      "integrity": "sha512-HZqQSMBiG29vcjOrqKCM9iGY/h69G5gQH7ae83ZCPz5uPmbQKwK0sMEqzVDBiu64tWHJ+kk9NApECrF+FAAvRA=="
    },
    "uuid": {
      "version": "8.3.2",
      "resolved": "https://registry.npmjs.org/uuid/-/uuid-8.3.2.tgz",
      "integrity": "sha512-+NYs2QeMWy+GWFOEm9xnn6HCDp0l7QBD7ml8zLUmJ+93Q5NF0NocErnwkTkXVFNiX3/fpC6afS8Dhb/gz7R7eg=="
    }
  }
}
